
Microsoft Visual Studio Solution File, Format Version 12.00
# Visual Studio Version 17
VisualStudioVersion = 17.6.33829.357
MinimumVisualStudioVersion = 10.0.40219.1
Project("{FAE04EC0-301F-11D3-BF4B-00C04F79EFBC}") = "Classwork_11.02.24(auth&authorization&role)", "Classwork_11.02.24(auth&authorization&role).csproj", "{76EADEAA-940B-42C2-A67E-871CF182D0FE}"
EndProject
Global
	GlobalSection(SolutionConfigurationPlatforms) = preSolution
		Debug|Any CPU = Debug|Any CPU
		Release|Any CPU = Release|Any CPU
	EndGlobalSection
	GlobalSection(ProjectConfigurationPlatforms) = postSolution
		{76EADEAA-940B-42C2-A67E-871CF182D0FE}.Debug|Any CPU.ActiveCfg = Debug|Any CPU
		{76EADEAA-940B-42C2-A67E-871CF182D0FE}.Debug|Any CPU.Build.0 = Debug|Any CPU
		{76EADEAA-940B-42C2-A67E-871CF182D0FE}.Release|Any CPU.ActiveCfg = Release|Any CPU
		{76EADEAA-940B-42C2-A67E-871CF182D0FE}.Release|Any CPU.Build.0 = Release|Any CPU
	EndGlobalSection
	GlobalSection(SolutionProperties) = preSolution
		HideSolutionNode = FALSE
	EndGlobalSection
	GlobalSection(ExtensibilityGlobals) = postSolution
		SolutionGuid = {A551CE9F-F71E-4334-868D-7217A7F4070D}
	EndGlobalSection
EndGlobal
